
Microsoft Visual Studio Solution File, Format Version 12.00
# Visual Studio Version 16
VisualStudioVersion = 16.0.31025.194
MinimumVisualStudioVersion = 10.0.40219.1
Project("{FAE04EC0-301F-11D3-BF4B-00C04F79EFBC}") = "mi-webapp", "mi-webapp.csproj", "{6B8D28D5-F6FD-430E-BD66-4FAFA2E1A674}"
EndProject
Global
	GlobalSection(SolutionConfigurationPlatforms) = preSolution
		Debug|Any CPU = Debug|Any CPU
		Release|Any CPU = Release|Any CPU
	EndGlobalSection
	GlobalSection(ProjectConfigurationPlatforms) = postSolution
		{6B8D28D5-F6FD-430E-BD66-4FAFA2E1A674}.Debug|Any CPU.ActiveCfg = Debug|Any CPU
		{6B8D28D5-F6FD-430E-BD66-4FAFA2E1A674}.Debug|Any CPU.Build.0 = Debug|Any CPU
		{6B8D28D5-F6FD-430E-BD66-4FAFA2E1A674}.Release|Any CPU.ActiveCfg = Release|Any CPU
		{6B8D28D5-F6FD-430E-BD66-4FAFA2E1A674}.Release|Any CPU.Build.0 = Release|Any CPU
	EndGlobalSection
	GlobalSection(SolutionProperties) = preSolution
		HideSolutionNode = FALSE
	EndGlobalSection
	GlobalSection(ExtensibilityGlobals) = postSolution
		SolutionGuid = {9F17714F-53AA-4FED-9768-904018574C2F}
	EndGlobalSection
EndGlobal
