
Microsoft Visual Studio Solution File, Format Version 12.00
# Visual Studio Version 17
VisualStudioVersion = 17.4.33213.308
MinimumVisualStudioVersion = 10.0.40219.1
Project("{9A19103F-16F7-4668-BE54-9A1E7A4F7556}") = "common", "common\common.csproj", "{C12A463D-F0C5-4118-9F16-C017B131F575}"
EndProject
Project("{9A19103F-16F7-4668-BE54-9A1E7A4F7556}") = "common.tests", "common.tests\common.tests.csproj", "{713BA354-82CB-45C2-9EDD-ABC1DB6A8442}"
EndProject
Project("{9A19103F-16F7-4668-BE54-9A1E7A4F7556}") = "devhostAgent", "devhostagent\devhostAgent.csproj", "{DBD45BA0-A89C-4C48-99F0-ADA9256EB041}"
EndProject
Project("{9A19103F-16F7-4668-BE54-9A1E7A4F7556}") = "devhostAgent.restorationjob", "devhostagent.restorationjob\devhostAgent.restorationjob.csproj", "{FAD78D00-5C48-4BCB-B3A5-4CD68CAD1D4C}"
EndProject
Project("{9A19103F-16F7-4668-BE54-9A1E7A4F7556}") = "endpointmanager", "endpointmanager\endpointmanager.csproj", "{CC50AC36-A5FE-4359-BEBF-02DBC78FEEA5}"
EndProject
Project("{9A19103F-16F7-4668-BE54-9A1E7A4F7556}") = "endpointmanager.tests", "endpointmanager.tests\endpointmanager.tests.csproj", "{12D605CD-E22C-4A2A-B81F-B220C585F167}"
EndProject
Project("{9A19103F-16F7-4668-BE54-9A1E7A4F7556}") = "library", "library\library.csproj", "{9252E3B4-1EBE-4E1E-A9B3-23EA58B7EAD0}"
EndProject
Project("{9A19103F-16F7-4668-BE54-9A1E7A4F7556}") = "library.tests", "library.tests\library.tests.csproj", "{47A0E6D3-E5A2-417F-A4E8-DDC6FCEBF69A}"
EndProject
Project("{9A19103F-16F7-4668-BE54-9A1E7A4F7556}") = "routingmanager", "routingmanager\routingmanager.csproj", "{BA9C10CE-B18B-4148-8AD2-6734E8AA6D9B}"
EndProject
Project("{9A19103F-16F7-4668-BE54-9A1E7A4F7556}") = "testhelpers", "testhelpers\testhelpers.csproj", "{56B171E9-6E52-4860-AA0B-27759A0FED63}"
EndProject
Project("{2150E333-8FDC-42A3-9474-1A3956D46DE8}") = "Tests", "Tests", "{428FC9C0-66ED-4150-9CC8-F0E5E9AF307E}"
EndProject
Project("{9A19103F-16F7-4668-BE54-9A1E7A4F7556}") = "devhostAgent.restorationjob.tests", "devhostAgent.restorationjob.tests\devhostAgent.restorationjob.tests.csproj", "{365CBA70-8B08-4B07-B755-83A86B579338}"
EndProject
Project("{9A19103F-16F7-4668-BE54-9A1E7A4F7556}") = "routingmanager.tests", "routingmanager.tests\routingmanager.tests.csproj", "{49DF73FE-1E7D-4AF6-87B5-194BF4A35ADB}"
EndProject
Project("{9A19103F-16F7-4668-BE54-9A1E7A4F7556}") = "endpointmanagerlauncher", "EndpointManagerLauncher\endpointmanagerlauncher.csproj", "{B406D9B1-35B1-42CC-B39C-9E6E691EB99E}"
EndProject
Project("{9A19103F-16F7-4668-BE54-9A1E7A4F7556}") = "localagent", "LocalAgent\LocalAgent.csproj", "{C3F0EE30-9187-43D8-B2C7-86CD61635561}"
EndProject
Project("{9A19103F-16F7-4668-BE54-9A1E7A4F7556}") = "dsc.tests", "dsc.tests\dsc.tests.csproj", "{C3753974-9857-4AF1-B06B-DD53F963108B}"
EndProject
Project("{9A19103F-16F7-4668-BE54-9A1E7A4F7556}") = "dsc", "dsc\dsc.csproj", "{32C5446A-CFB6-47CF-AB6A-17109CDA3C9C}"
EndProject
Project("{2150E333-8FDC-42A3-9474-1A3956D46DE8}") = "Solution files", "Solution files", "{74317FC8-6CD7-4155-BFBD-0EBFCD67F831}"
	ProjectSection(SolutionItems) = preProject
		.editorconfig = .editorconfig
	EndProjectSection
EndProject
Global
	GlobalSection(SolutionConfigurationPlatforms) = preSolution
		Debug|Any CPU = Debug|Any CPU
		Debug|x64 = Debug|x64
		Debug|x86 = Debug|x86
		Release|Any CPU = Release|Any CPU
		Release|x64 = Release|x64
		Release|x86 = Release|x86
	EndGlobalSection
	GlobalSection(ProjectConfigurationPlatforms) = postSolution
		{C12A463D-F0C5-4118-9F16-C017B131F575}.Debug|Any CPU.ActiveCfg = Debug|Any CPU
		{C12A463D-F0C5-4118-9F16-C017B131F575}.Debug|Any CPU.Build.0 = Debug|Any CPU
		{C12A463D-F0C5-4118-9F16-C017B131F575}.Debug|x64.ActiveCfg = Debug|Any CPU
		{C12A463D-F0C5-4118-9F16-C017B131F575}.Debug|x64.Build.0 = Debug|Any CPU
		{C12A463D-F0C5-4118-9F16-C017B131F575}.Debug|x86.ActiveCfg = Debug|Any CPU
		{C12A463D-F0C5-4118-9F16-C017B131F575}.Debug|x86.Build.0 = Debug|Any CPU
		{C12A463D-F0C5-4118-9F16-C017B131F575}.Release|Any CPU.ActiveCfg = Release|Any CPU
		{C12A463D-F0C5-4118-9F16-C017B131F575}.Release|Any CPU.Build.0 = Release|Any CPU
		{C12A463D-F0C5-4118-9F16-C017B131F575}.Release|x64.ActiveCfg = Debug|Any CPU
		{C12A463D-F0C5-4118-9F16-C017B131F575}.Release|x64.Build.0 = Debug|Any CPU
		{C12A463D-F0C5-4118-9F16-C017B131F575}.Release|x86.ActiveCfg = Debug|Any CPU
		{C12A463D-F0C5-4118-9F16-C017B131F575}.Release|x86.Build.0 = Debug|Any CPU
		{713BA354-82CB-45C2-9EDD-ABC1DB6A8442}.Debug|Any CPU.ActiveCfg = Debug|Any CPU
		{713BA354-82CB-45C2-9EDD-ABC1DB6A8442}.Debug|Any CPU.Build.0 = Debug|Any CPU
		{713BA354-82CB-45C2-9EDD-ABC1DB6A8442}.Debug|x64.ActiveCfg = Debug|Any CPU
		{713BA354-82CB-45C2-9EDD-ABC1DB6A8442}.Debug|x64.Build.0 = Debug|Any CPU
		{713BA354-82CB-45C2-9EDD-ABC1DB6A8442}.Debug|x86.ActiveCfg = Debug|Any CPU
		{713BA354-82CB-45C2-9EDD-ABC1DB6A8442}.Debug|x86.Build.0 = Debug|Any CPU
		{713BA354-82CB-45C2-9EDD-ABC1DB6A8442}.Release|Any CPU.ActiveCfg = Release|Any CPU
		{713BA354-82CB-45C2-9EDD-ABC1DB6A8442}.Release|Any CPU.Build.0 = Release|Any CPU
		{713BA354-82CB-45C2-9EDD-ABC1DB6A8442}.Release|x64.ActiveCfg = Release|Any CPU
		{713BA354-82CB-45C2-9EDD-ABC1DB6A8442}.Release|x64.Build.0 = Release|Any CPU
		{713BA354-82CB-45C2-9EDD-ABC1DB6A8442}.Release|x86.ActiveCfg = Release|Any CPU
		{713BA354-82CB-45C2-9EDD-ABC1DB6A8442}.Release|x86.Build.0 = Release|Any CPU
		{DBD45BA0-A89C-4C48-99F0-ADA9256EB041}.Debug|Any CPU.ActiveCfg = Debug|Any CPU
		{DBD45BA0-A89C-4C48-99F0-ADA9256EB041}.Debug|Any CPU.Build.0 = Debug|Any CPU
		{DBD45BA0-A89C-4C48-99F0-ADA9256EB041}.Debug|x64.ActiveCfg = Debug|Any CPU
		{DBD45BA0-A89C-4C48-99F0-ADA9256EB041}.Debug|x64.Build.0 = Debug|Any CPU
		{DBD45BA0-A89C-4C48-99F0-ADA9256EB041}.Debug|x86.ActiveCfg = Debug|Any CPU
		{DBD45BA0-A89C-4C48-99F0-ADA9256EB041}.Debug|x86.Build.0 = Debug|Any CPU
		{DBD45BA0-A89C-4C48-99F0-ADA9256EB041}.Release|Any CPU.ActiveCfg = Release|Any CPU
		{DBD45BA0-A89C-4C48-99F0-ADA9256EB041}.Release|Any CPU.Build.0 = Release|Any CPU
		{DBD45BA0-A89C-4C48-99F0-ADA9256EB041}.Release|x64.ActiveCfg = Release|Any CPU
		{DBD45BA0-A89C-4C48-99F0-ADA9256EB041}.Release|x64.Build.0 = Release|Any CPU
		{DBD45BA0-A89C-4C48-99F0-ADA9256EB041}.Release|x86.ActiveCfg = Release|Any CPU
		{DBD45BA0-A89C-4C48-99F0-ADA9256EB041}.Release|x86.Build.0 = Release|Any CPU
		{FAD78D00-5C48-4BCB-B3A5-4CD68CAD1D4C}.Debug|Any CPU.ActiveCfg = Debug|Any CPU
		{FAD78D00-5C48-4BCB-B3A5-4CD68CAD1D4C}.Debug|Any CPU.Build.0 = Debug|Any CPU
		{FAD78D00-5C48-4BCB-B3A5-4CD68CAD1D4C}.Debug|x64.ActiveCfg = Debug|Any CPU
		{FAD78D00-5C48-4BCB-B3A5-4CD68CAD1D4C}.Debug|x64.Build.0 = Debug|Any CPU
		{FAD78D00-5C48-4BCB-B3A5-4CD68CAD1D4C}.Debug|x86.ActiveCfg = Debug|Any CPU
		{FAD78D00-5C48-4BCB-B3A5-4CD68CAD1D4C}.Debug|x86.Build.0 = Debug|Any CPU
		{FAD78D00-5C48-4BCB-B3A5-4CD68CAD1D4C}.Release|Any CPU.ActiveCfg = Release|Any CPU
		{FAD78D00-5C48-4BCB-B3A5-4CD68CAD1D4C}.Release|Any CPU.Build.0 = Release|Any CPU
		{FAD78D00-5C48-4BCB-B3A5-4CD68CAD1D4C}.Release|x64.ActiveCfg = Release|Any CPU
		{FAD78D00-5C48-4BCB-B3A5-4CD68CAD1D4C}.Release|x64.Build.0 = Release|Any CPU
		{FAD78D00-5C48-4BCB-B3A5-4CD68CAD1D4C}.Release|x86.ActiveCfg = Release|Any CPU
		{FAD78D00-5C48-4BCB-B3A5-4CD68CAD1D4C}.Release|x86.Build.0 = Release|Any CPU
		{CC50AC36-A5FE-4359-BEBF-02DBC78FEEA5}.Debug|Any CPU.ActiveCfg = Debug|Any CPU
		{CC50AC36-A5FE-4359-BEBF-02DBC78FEEA5}.Debug|Any CPU.Build.0 = Debug|Any CPU
		{CC50AC36-A5FE-4359-BEBF-02DBC78FEEA5}.Debug|x64.ActiveCfg = Debug|Any CPU
		{CC50AC36-A5FE-4359-BEBF-02DBC78FEEA5}.Debug|x64.Build.0 = Debug|Any CPU
		{CC50AC36-A5FE-4359-BEBF-02DBC78FEEA5}.Debug|x86.ActiveCfg = Debug|Any CPU
		{CC50AC36-A5FE-4359-BEBF-02DBC78FEEA5}.Debug|x86.Build.0 = Debug|Any CPU
		{CC50AC36-A5FE-4359-BEBF-02DBC78FEEA5}.Release|Any CPU.ActiveCfg = Release|Any CPU
		{CC50AC36-A5FE-4359-BEBF-02DBC78FEEA5}.Release|Any CPU.Build.0 = Release|Any CPU
		{CC50AC36-A5FE-4359-BEBF-02DBC78FEEA5}.Release|x64.ActiveCfg = Release|Any CPU
		{CC50AC36-A5FE-4359-BEBF-02DBC78FEEA5}.Release|x64.Build.0 = Release|Any CPU
		{CC50AC36-A5FE-4359-BEBF-02DBC78FEEA5}.Release|x86.ActiveCfg = Release|Any CPU
		{CC50AC36-A5FE-4359-BEBF-02DBC78FEEA5}.Release|x86.Build.0 = Release|Any CPU
		{12D605CD-E22C-4A2A-B81F-B220C585F167}.Debug|Any CPU.ActiveCfg = Debug|Any CPU
		{12D605CD-E22C-4A2A-B81F-B220C585F167}.Debug|Any CPU.Build.0 = Debug|Any CPU
		{12D605CD-E22C-4A2A-B81F-B220C585F167}.Debug|x64.ActiveCfg = Debug|Any CPU
		{12D605CD-E22C-4A2A-B81F-B220C585F167}.Debug|x64.Build.0 = Debug|Any CPU
		{12D605CD-E22C-4A2A-B81F-B220C585F167}.Debug|x86.ActiveCfg = Debug|Any CPU
		{12D605CD-E22C-4A2A-B81F-B220C585F167}.Debug|x86.Build.0 = Debug|Any CPU
		{12D605CD-E22C-4A2A-B81F-B220C585F167}.Release|Any CPU.ActiveCfg = Release|Any CPU
		{12D605CD-E22C-4A2A-B81F-B220C585F167}.Release|Any CPU.Build.0 = Release|Any CPU
		{12D605CD-E22C-4A2A-B81F-B220C585F167}.Release|x64.ActiveCfg = Release|Any CPU
		{12D605CD-E22C-4A2A-B81F-B220C585F167}.Release|x64.Build.0 = Release|Any CPU
		{12D605CD-E22C-4A2A-B81F-B220C585F167}.Release|x86.ActiveCfg = Release|Any CPU
		{12D605CD-E22C-4A2A-B81F-B220C585F167}.Release|x86.Build.0 = Release|Any CPU
		{9252E3B4-1EBE-4E1E-A9B3-23EA58B7EAD0}.Debug|Any CPU.ActiveCfg = Debug|Any CPU
		{9252E3B4-1EBE-4E1E-A9B3-23EA58B7EAD0}.Debug|Any CPU.Build.0 = Debug|Any CPU
		{9252E3B4-1EBE-4E1E-A9B3-23EA58B7EAD0}.Debug|x64.ActiveCfg = Debug|Any CPU
		{9252E3B4-1EBE-4E1E-A9B3-23EA58B7EAD0}.Debug|x64.Build.0 = Debug|Any CPU
		{9252E3B4-1EBE-4E1E-A9B3-23EA58B7EAD0}.Debug|x86.ActiveCfg = Debug|Any CPU
		{9252E3B4-1EBE-4E1E-A9B3-23EA58B7EAD0}.Debug|x86.Build.0 = Debug|Any CPU
		{9252E3B4-1EBE-4E1E-A9B3-23EA58B7EAD0}.Release|Any CPU.ActiveCfg = Release|Any CPU
		{9252E3B4-1EBE-4E1E-A9B3-23EA58B7EAD0}.Release|Any CPU.Build.0 = Release|Any CPU
		{9252E3B4-1EBE-4E1E-A9B3-23EA58B7EAD0}.Release|x64.ActiveCfg = Debug|Any CPU
		{9252E3B4-1EBE-4E1E-A9B3-23EA58B7EAD0}.Release|x64.Build.0 = Debug|Any CPU
		{9252E3B4-1EBE-4E1E-A9B3-23EA58B7EAD0}.Release|x86.ActiveCfg = Debug|Any CPU
		{9252E3B4-1EBE-4E1E-A9B3-23EA58B7EAD0}.Release|x86.Build.0 = Debug|Any CPU
		{47A0E6D3-E5A2-417F-A4E8-DDC6FCEBF69A}.Debug|Any CPU.ActiveCfg = Debug|Any CPU
		{47A0E6D3-E5A2-417F-A4E8-DDC6FCEBF69A}.Debug|Any CPU.Build.0 = Debug|Any CPU
		{47A0E6D3-E5A2-417F-A4E8-DDC6FCEBF69A}.Debug|x64.ActiveCfg = Debug|Any CPU
		{47A0E6D3-E5A2-417F-A4E8-DDC6FCEBF69A}.Debug|x64.Build.0 = Debug|Any CPU
		{47A0E6D3-E5A2-417F-A4E8-DDC6FCEBF69A}.Debug|x86.ActiveCfg = Debug|Any CPU
		{47A0E6D3-E5A2-417F-A4E8-DDC6FCEBF69A}.Debug|x86.Build.0 = Debug|Any CPU
		{47A0E6D3-E5A2-417F-A4E8-DDC6FCEBF69A}.Release|Any CPU.ActiveCfg = Release|Any CPU
		{47A0E6D3-E5A2-417F-A4E8-DDC6FCEBF69A}.Release|Any CPU.Build.0 = Release|Any CPU
		{47A0E6D3-E5A2-417F-A4E8-DDC6FCEBF69A}.Release|x64.ActiveCfg = Release|Any CPU
		{47A0E6D3-E5A2-417F-A4E8-DDC6FCEBF69A}.Release|x64.Build.0 = Release|Any CPU
		{47A0E6D3-E5A2-417F-A4E8-DDC6FCEBF69A}.Release|x86.ActiveCfg = Release|Any CPU
		{47A0E6D3-E5A2-417F-A4E8-DDC6FCEBF69A}.Release|x86.Build.0 = Release|Any CPU
		{BA9C10CE-B18B-4148-8AD2-6734E8AA6D9B}.Debug|Any CPU.ActiveCfg = Debug|Any CPU
		{BA9C10CE-B18B-4148-8AD2-6734E8AA6D9B}.Debug|Any CPU.Build.0 = Debug|Any CPU
		{BA9C10CE-B18B-4148-8AD2-6734E8AA6D9B}.Debug|x64.ActiveCfg = Debug|Any CPU
		{BA9C10CE-B18B-4148-8AD2-6734E8AA6D9B}.Debug|x64.Build.0 = Debug|Any CPU
		{BA9C10CE-B18B-4148-8AD2-6734E8AA6D9B}.Debug|x86.ActiveCfg = Debug|Any CPU
		{BA9C10CE-B18B-4148-8AD2-6734E8AA6D9B}.Debug|x86.Build.0 = Debug|Any CPU
		{BA9C10CE-B18B-4148-8AD2-6734E8AA6D9B}.Release|Any CPU.ActiveCfg = Release|Any CPU
		{BA9C10CE-B18B-4148-8AD2-6734E8AA6D9B}.Release|Any CPU.Build.0 = Release|Any CPU
		{BA9C10CE-B18B-4148-8AD2-6734E8AA6D9B}.Release|x64.ActiveCfg = Release|Any CPU
		{BA9C10CE-B18B-4148-8AD2-6734E8AA6D9B}.Release|x64.Build.0 = Release|Any CPU
		{BA9C10CE-B18B-4148-8AD2-6734E8AA6D9B}.Release|x86.ActiveCfg = Release|Any CPU
		{BA9C10CE-B18B-4148-8AD2-6734E8AA6D9B}.Release|x86.Build.0 = Release|Any CPU
		{56B171E9-6E52-4860-AA0B-27759A0FED63}.Debug|Any CPU.ActiveCfg = Debug|Any CPU
		{56B171E9-6E52-4860-AA0B-27759A0FED63}.Debug|Any CPU.Build.0 = Debug|Any CPU
		{56B171E9-6E52-4860-AA0B-27759A0FED63}.Debug|x64.ActiveCfg = Debug|Any CPU
		{56B171E9-6E52-4860-AA0B-27759A0FED63}.Debug|x64.Build.0 = Debug|Any CPU
		{56B171E9-6E52-4860-AA0B-27759A0FED63}.Debug|x86.ActiveCfg = Debug|Any CPU
		{56B171E9-6E52-4860-AA0B-27759A0FED63}.Debug|x86.Build.0 = Debug|Any CPU
		{56B171E9-6E52-4860-AA0B-27759A0FED63}.Release|Any CPU.ActiveCfg = Release|Any CPU
		{56B171E9-6E52-4860-AA0B-27759A0FED63}.Release|Any CPU.Build.0 = Release|Any CPU
		{56B171E9-6E52-4860-AA0B-27759A0FED63}.Release|x64.ActiveCfg = Release|Any CPU
		{56B171E9-6E52-4860-AA0B-27759A0FED63}.Release|x64.Build.0 = Release|Any CPU
		{56B171E9-6E52-4860-AA0B-27759A0FED63}.Release|x86.ActiveCfg = Release|Any CPU
		{56B171E9-6E52-4860-AA0B-27759A0FED63}.Release|x86.Build.0 = Release|Any CPU
		{365CBA70-8B08-4B07-B755-83A86B579338}.Debug|Any CPU.ActiveCfg = Debug|Any CPU
		{365CBA70-8B08-4B07-B755-83A86B579338}.Debug|Any CPU.Build.0 = Debug|Any CPU
		{365CBA70-8B08-4B07-B755-83A86B579338}.Debug|x64.ActiveCfg = Debug|Any CPU
		{365CBA70-8B08-4B07-B755-83A86B579338}.Debug|x64.Build.0 = Debug|Any CPU
		{365CBA70-8B08-4B07-B755-83A86B579338}.Debug|x86.ActiveCfg = Debug|Any CPU
		{365CBA70-8B08-4B07-B755-83A86B579338}.Debug|x86.Build.0 = Debug|Any CPU
		{365CBA70-8B08-4B07-B755-83A86B579338}.Release|Any CPU.ActiveCfg = Release|Any CPU
		{365CBA70-8B08-4B07-B755-83A86B579338}.Release|Any CPU.Build.0 = Release|Any CPU
		{365CBA70-8B08-4B07-B755-83A86B579338}.Release|x64.ActiveCfg = Release|Any CPU
		{365CBA70-8B08-4B07-B755-83A86B579338}.Release|x64.Build.0 = Release|Any CPU
		{365CBA70-8B08-4B07-B755-83A86B579338}.Release|x86.ActiveCfg = Release|Any CPU
		{365CBA70-8B08-4B07-B755-83A86B579338}.Release|x86.Build.0 = Release|Any CPU
		{49DF73FE-1E7D-4AF6-87B5-194BF4A35ADB}.Debug|Any CPU.ActiveCfg = Debug|Any CPU
		{49DF73FE-1E7D-4AF6-87B5-194BF4A35ADB}.Debug|Any CPU.Build.0 = Debug|Any CPU
		{49DF73FE-1E7D-4AF6-87B5-194BF4A35ADB}.Debug|x64.ActiveCfg = Debug|Any CPU
		{49DF73FE-1E7D-4AF6-87B5-194BF4A35ADB}.Debug|x64.Build.0 = Debug|Any CPU
		{49DF73FE-1E7D-4AF6-87B5-194BF4A35ADB}.Debug|x86.ActiveCfg = Debug|Any CPU
		{49DF73FE-1E7D-4AF6-87B5-194BF4A35ADB}.Debug|x86.Build.0 = Debug|Any CPU
		{49DF73FE-1E7D-4AF6-87B5-194BF4A35ADB}.Release|Any CPU.ActiveCfg = Release|Any CPU
		{49DF73FE-1E7D-4AF6-87B5-194BF4A35ADB}.Release|Any CPU.Build.0 = Release|Any CPU
		{49DF73FE-1E7D-4AF6-87B5-194BF4A35ADB}.Release|x64.ActiveCfg = Release|Any CPU
		{49DF73FE-1E7D-4AF6-87B5-194BF4A35ADB}.Release|x64.Build.0 = Release|Any CPU
		{49DF73FE-1E7D-4AF6-87B5-194BF4A35ADB}.Release|x86.ActiveCfg = Release|Any CPU
		{49DF73FE-1E7D-4AF6-87B5-194BF4A35ADB}.Release|x86.Build.0 = Release|Any CPU
		{B406D9B1-35B1-42CC-B39C-9E6E691EB99E}.Debug|Any CPU.ActiveCfg = Debug|Any CPU
		{B406D9B1-35B1-42CC-B39C-9E6E691EB99E}.Debug|Any CPU.Build.0 = Debug|Any CPU
		{B406D9B1-35B1-42CC-B39C-9E6E691EB99E}.Debug|x64.ActiveCfg = Debug|Any CPU
		{B406D9B1-35B1-42CC-B39C-9E6E691EB99E}.Debug|x86.ActiveCfg = Debug|Any CPU
		{B406D9B1-35B1-42CC-B39C-9E6E691EB99E}.Release|Any CPU.ActiveCfg = Release|Any CPU
		{B406D9B1-35B1-42CC-B39C-9E6E691EB99E}.Release|x64.ActiveCfg = Release|Any CPU
		{B406D9B1-35B1-42CC-B39C-9E6E691EB99E}.Release|x86.ActiveCfg = Release|Any CPU
		{C3F0EE30-9187-43D8-B2C7-86CD61635561}.Debug|Any CPU.ActiveCfg = Debug|Any CPU
		{C3F0EE30-9187-43D8-B2C7-86CD61635561}.Debug|Any CPU.Build.0 = Debug|Any CPU
		{C3F0EE30-9187-43D8-B2C7-86CD61635561}.Debug|x64.ActiveCfg = Debug|Any CPU
		{C3F0EE30-9187-43D8-B2C7-86CD61635561}.Debug|x64.Build.0 = Debug|Any CPU
		{C3F0EE30-9187-43D8-B2C7-86CD61635561}.Debug|x86.ActiveCfg = Debug|Any CPU
		{C3F0EE30-9187-43D8-B2C7-86CD61635561}.Debug|x86.Build.0 = Debug|Any CPU
		{C3F0EE30-9187-43D8-B2C7-86CD61635561}.Release|Any CPU.ActiveCfg = Release|Any CPU
		{C3F0EE30-9187-43D8-B2C7-86CD61635561}.Release|Any CPU.Build.0 = Release|Any CPU
		{C3F0EE30-9187-43D8-B2C7-86CD61635561}.Release|x64.ActiveCfg = Release|Any CPU
		{C3F0EE30-9187-43D8-B2C7-86CD61635561}.Release|x64.Build.0 = Release|Any CPU
		{C3F0EE30-9187-43D8-B2C7-86CD61635561}.Release|x86.ActiveCfg = Release|Any CPU
		{C3F0EE30-9187-43D8-B2C7-86CD61635561}.Release|x86.Build.0 = Release|Any CPU
		{C3753974-9857-4AF1-B06B-DD53F963108B}.Debug|Any CPU.ActiveCfg = Debug|Any CPU
		{C3753974-9857-4AF1-B06B-DD53F963108B}.Debug|Any CPU.Build.0 = Debug|Any CPU
		{C3753974-9857-4AF1-B06B-DD53F963108B}.Debug|x64.ActiveCfg = Debug|Any CPU
		{C3753974-9857-4AF1-B06B-DD53F963108B}.Debug|x64.Build.0 = Debug|Any CPU
		{C3753974-9857-4AF1-B06B-DD53F963108B}.Debug|x86.ActiveCfg = Debug|Any CPU
		{C3753974-9857-4AF1-B06B-DD53F963108B}.Debug|x86.Build.0 = Debug|Any CPU
		{C3753974-9857-4AF1-B06B-DD53F963108B}.Release|Any CPU.ActiveCfg = Release|Any CPU
		{C3753974-9857-4AF1-B06B-DD53F963108B}.Release|Any CPU.Build.0 = Release|Any CPU
		{C3753974-9857-4AF1-B06B-DD53F963108B}.Release|x64.ActiveCfg = Release|Any CPU
		{C3753974-9857-4AF1-B06B-DD53F963108B}.Release|x64.Build.0 = Release|Any CPU
		{C3753974-9857-4AF1-B06B-DD53F963108B}.Release|x86.ActiveCfg = Release|Any CPU
		{C3753974-9857-4AF1-B06B-DD53F963108B}.Release|x86.Build.0 = Release|Any CPU
		{32C5446A-CFB6-47CF-AB6A-17109CDA3C9C}.Debug|Any CPU.ActiveCfg = Debug|Any CPU
		{32C5446A-CFB6-47CF-AB6A-17109CDA3C9C}.Debug|Any CPU.Build.0 = Debug|Any CPU
		{32C5446A-CFB6-47CF-AB6A-17109CDA3C9C}.Debug|x64.ActiveCfg = Debug|Any CPU
		{32C5446A-CFB6-47CF-AB6A-17109CDA3C9C}.Debug|x64.Build.0 = Debug|Any CPU
		{32C5446A-CFB6-47CF-AB6A-17109CDA3C9C}.Debug|x86.ActiveCfg = Debug|Any CPU
		{32C5446A-CFB6-47CF-AB6A-17109CDA3C9C}.Debug|x86.Build.0 = Debug|Any CPU
		{32C5446A-CFB6-47CF-AB6A-17109CDA3C9C}.Release|Any CPU.ActiveCfg = Release|Any CPU
		{32C5446A-CFB6-47CF-AB6A-17109CDA3C9C}.Release|Any CPU.Build.0 = Release|Any CPU
		{32C5446A-CFB6-47CF-AB6A-17109CDA3C9C}.Release|x64.ActiveCfg = Release|Any CPU
		{32C5446A-CFB6-47CF-AB6A-17109CDA3C9C}.Release|x64.Build.0 = Release|Any CPU
		{32C5446A-CFB6-47CF-AB6A-17109CDA3C9C}.Release|x86.ActiveCfg = Release|Any CPU
		{32C5446A-CFB6-47CF-AB6A-17109CDA3C9C}.Release|x86.Build.0 = Release|Any CPU
	EndGlobalSection
	GlobalSection(SolutionProperties) = preSolution
		HideSolutionNode = FALSE
	EndGlobalSection
	GlobalSection(NestedProjects) = preSolution
		{713BA354-82CB-45C2-9EDD-ABC1DB6A8442} = {428FC9C0-66ED-4150-9CC8-F0E5E9AF307E}
		{12D605CD-E22C-4A2A-B81F-B220C585F167} = {428FC9C0-66ED-4150-9CC8-F0E5E9AF307E}
		{47A0E6D3-E5A2-417F-A4E8-DDC6FCEBF69A} = {428FC9C0-66ED-4150-9CC8-F0E5E9AF307E}
		{56B171E9-6E52-4860-AA0B-27759A0FED63} = {428FC9C0-66ED-4150-9CC8-F0E5E9AF307E}
		{365CBA70-8B08-4B07-B755-83A86B579338} = {428FC9C0-66ED-4150-9CC8-F0E5E9AF307E}
		{49DF73FE-1E7D-4AF6-87B5-194BF4A35ADB} = {428FC9C0-66ED-4150-9CC8-F0E5E9AF307E}
		{C3753974-9857-4AF1-B06B-DD53F963108B} = {428FC9C0-66ED-4150-9CC8-F0E5E9AF307E}
	EndGlobalSection
	GlobalSection(ExtensibilityGlobals) = postSolution
		SolutionGuid = {13D72C42-4817-4CAC-BA8D-152A2DC8AC42}
	EndGlobalSection
EndGlobal
