
Microsoft Visual Studio Solution File, Format Version 12.00
# Visual Studio Version 17
VisualStudioVersion = 17.4.33213.308
MinimumVisualStudioVersion = 10.0.40219.1
Project("{9A19103F-16F7-4668-BE54-9A1E7A4F7556}") = "common", "common\common.csproj", "{C12A463D-F0C5-4118-9F16-C017B131F575}"
EndProject
Project("{9A19103F-16F7-4668-BE54-9A1E7A4F7556}") = "library", "library\library.csproj", "{9252E3B4-1EBE-4E1E-A9B3-23EA58B7EAD0}"
EndProject
Project("{2150E333-8FDC-42A3-9474-1A3956D46DE8}") = "Tests", "Tests", "{428FC9C0-66ED-4150-9CC8-F0E5E9AF307E}"
	ProjectSection(SolutionItems) = preProject
		dsc.tests\dsc.tests.csproj = dsc.tests\dsc.tests.csproj
	EndProjectSection
EndProject
Project("{9A19103F-16F7-4668-BE54-9A1E7A4F7556}") = "library.tests", "library.tests\library.tests.csproj", "{47A0E6D3-E5A2-417F-A4E8-DDC6FCEBF69A}"
EndProject
Project("{9A19103F-16F7-4668-BE54-9A1E7A4F7556}") = "common.tests", "common.tests\common.tests.csproj", "{713BA354-82CB-45C2-9EDD-ABC1DB6A8442}"
EndProject
Project("{9A19103F-16F7-4668-BE54-9A1E7A4F7556}") = "testhelpers", "testhelpers\testhelpers.csproj", "{56B171E9-6E52-4860-AA0B-27759A0FED63}"
EndProject
Project("{9A19103F-16F7-4668-BE54-9A1E7A4F7556}") = "endpointmanager.tests", "endpointmanager.tests\endpointmanager.tests.csproj", "{12D605CD-E22C-4A2A-B81F-B220C585F167}"
EndProject
Project("{9A19103F-16F7-4668-BE54-9A1E7A4F7556}") = "endpointmanager", "endpointmanager\endpointmanager.csproj", "{CC50AC36-A5FE-4359-BEBF-02DBC78FEEA5}"
EndProject
Project("{9A19103F-16F7-4668-BE54-9A1E7A4F7556}") = "endpointmanagerlauncher", "EndpointManagerLauncher\endpointmanagerlauncher.csproj", "{65088980-F615-4E2A-AE72-F6BAD4135575}"
EndProject
Project("{9A19103F-16F7-4668-BE54-9A1E7A4F7556}") = "dsc", "dsc\dsc.csproj", "{31BC54A2-FB46-4C69-B338-FFAF52D586AC}"
EndProject
Project("{FAE04EC0-301F-11D3-BF4B-00C04F79EFBC}") = "devhostAgent.restorationjob.tests", "devhostAgent.restorationjob.tests\devhostAgent.restorationjob.tests.csproj", "{56E8FA0C-7266-4AE7-88EC-28F924B3E586}"
EndProject
Project("{FAE04EC0-301F-11D3-BF4B-00C04F79EFBC}") = "devhostAgent.restorationjob", "devhostAgent.restorationjob\devhostAgent.restorationjob.csproj", "{8CD1C8F8-D634-4A61-B9EF-3052677F25C7}"
EndProject
Project("{FAE04EC0-301F-11D3-BF4B-00C04F79EFBC}") = "routingmanager", "routingmanager\routingmanager.csproj", "{4FE73882-FEDC-4353-B4D1-D0D678F22F1A}"
EndProject
Project("{FAE04EC0-301F-11D3-BF4B-00C04F79EFBC}") = "routingmanager.tests", "routingmanager.tests\routingmanager.tests.csproj", "{B252B0C6-9996-46D8-807F-D4611AA843F3}"
EndProject
Project("{FAE04EC0-301F-11D3-BF4B-00C04F79EFBC}") = "dsc.tests", "dsc.tests\dsc.tests.csproj", "{C41311CF-CF5D-42E1-91C3-9A5CFD579218}"
EndProject
Global
	GlobalSection(SolutionConfigurationPlatforms) = preSolution
		Debug|Any CPU = Debug|Any CPU
		Debug|x64 = Debug|x64
		Debug|x86 = Debug|x86
		Release|Any CPU = Release|Any CPU
		Release|x64 = Release|x64
		Release|x86 = Release|x86
	EndGlobalSection
	GlobalSection(ProjectConfigurationPlatforms) = postSolution
		{C12A463D-F0C5-4118-9F16-C017B131F575}.Debug|Any CPU.ActiveCfg = Debug|Any CPU
		{C12A463D-F0C5-4118-9F16-C017B131F575}.Debug|Any CPU.Build.0 = Debug|Any CPU
		{C12A463D-F0C5-4118-9F16-C017B131F575}.Debug|x64.ActiveCfg = Debug|Any CPU
		{C12A463D-F0C5-4118-9F16-C017B131F575}.Debug|x64.Build.0 = Debug|Any CPU
		{C12A463D-F0C5-4118-9F16-C017B131F575}.Debug|x86.ActiveCfg = Debug|Any CPU
		{C12A463D-F0C5-4118-9F16-C017B131F575}.Debug|x86.Build.0 = Debug|Any CPU
		{C12A463D-F0C5-4118-9F16-C017B131F575}.Release|Any CPU.ActiveCfg = Release|Any CPU
		{C12A463D-F0C5-4118-9F16-C017B131F575}.Release|Any CPU.Build.0 = Release|Any CPU
		{C12A463D-F0C5-4118-9F16-C017B131F575}.Release|x64.ActiveCfg = Debug|Any CPU
		{C12A463D-F0C5-4118-9F16-C017B131F575}.Release|x64.Build.0 = Debug|Any CPU
		{C12A463D-F0C5-4118-9F16-C017B131F575}.Release|x86.ActiveCfg = Debug|Any CPU
		{C12A463D-F0C5-4118-9F16-C017B131F575}.Release|x86.Build.0 = Debug|Any CPU
		{9252E3B4-1EBE-4E1E-A9B3-23EA58B7EAD0}.Debug|Any CPU.ActiveCfg = Debug|Any CPU
		{9252E3B4-1EBE-4E1E-A9B3-23EA58B7EAD0}.Debug|Any CPU.Build.0 = Debug|Any CPU
		{9252E3B4-1EBE-4E1E-A9B3-23EA58B7EAD0}.Debug|x64.ActiveCfg = Debug|Any CPU
		{9252E3B4-1EBE-4E1E-A9B3-23EA58B7EAD0}.Debug|x64.Build.0 = Debug|Any CPU
		{9252E3B4-1EBE-4E1E-A9B3-23EA58B7EAD0}.Debug|x86.ActiveCfg = Debug|Any CPU
		{9252E3B4-1EBE-4E1E-A9B3-23EA58B7EAD0}.Debug|x86.Build.0 = Debug|Any CPU
		{9252E3B4-1EBE-4E1E-A9B3-23EA58B7EAD0}.Release|Any CPU.ActiveCfg = Release|Any CPU
		{9252E3B4-1EBE-4E1E-A9B3-23EA58B7EAD0}.Release|Any CPU.Build.0 = Release|Any CPU
		{9252E3B4-1EBE-4E1E-A9B3-23EA58B7EAD0}.Release|x64.ActiveCfg = Debug|Any CPU
		{9252E3B4-1EBE-4E1E-A9B3-23EA58B7EAD0}.Release|x64.Build.0 = Debug|Any CPU
		{9252E3B4-1EBE-4E1E-A9B3-23EA58B7EAD0}.Release|x86.ActiveCfg = Debug|Any CPU
		{9252E3B4-1EBE-4E1E-A9B3-23EA58B7EAD0}.Release|x86.Build.0 = Debug|Any CPU
		{47A0E6D3-E5A2-417F-A4E8-DDC6FCEBF69A}.Debug|Any CPU.ActiveCfg = Debug|Any CPU
		{47A0E6D3-E5A2-417F-A4E8-DDC6FCEBF69A}.Debug|Any CPU.Build.0 = Debug|Any CPU
		{47A0E6D3-E5A2-417F-A4E8-DDC6FCEBF69A}.Debug|x64.ActiveCfg = Debug|Any CPU
		{47A0E6D3-E5A2-417F-A4E8-DDC6FCEBF69A}.Debug|x64.Build.0 = Debug|Any CPU
		{47A0E6D3-E5A2-417F-A4E8-DDC6FCEBF69A}.Debug|x86.ActiveCfg = Debug|Any CPU
		{47A0E6D3-E5A2-417F-A4E8-DDC6FCEBF69A}.Debug|x86.Build.0 = Debug|Any CPU
		{47A0E6D3-E5A2-417F-A4E8-DDC6FCEBF69A}.Release|Any CPU.ActiveCfg = Release|Any CPU
		{47A0E6D3-E5A2-417F-A4E8-DDC6FCEBF69A}.Release|Any CPU.Build.0 = Release|Any CPU
		{47A0E6D3-E5A2-417F-A4E8-DDC6FCEBF69A}.Release|x64.ActiveCfg = Release|Any CPU
		{47A0E6D3-E5A2-417F-A4E8-DDC6FCEBF69A}.Release|x64.Build.0 = Release|Any CPU
		{47A0E6D3-E5A2-417F-A4E8-DDC6FCEBF69A}.Release|x86.ActiveCfg = Release|Any CPU
		{47A0E6D3-E5A2-417F-A4E8-DDC6FCEBF69A}.Release|x86.Build.0 = Release|Any CPU
		{713BA354-82CB-45C2-9EDD-ABC1DB6A8442}.Debug|Any CPU.ActiveCfg = Debug|Any CPU
		{713BA354-82CB-45C2-9EDD-ABC1DB6A8442}.Debug|Any CPU.Build.0 = Debug|Any CPU
		{713BA354-82CB-45C2-9EDD-ABC1DB6A8442}.Debug|x64.ActiveCfg = Debug|Any CPU
		{713BA354-82CB-45C2-9EDD-ABC1DB6A8442}.Debug|x64.Build.0 = Debug|Any CPU
		{713BA354-82CB-45C2-9EDD-ABC1DB6A8442}.Debug|x86.ActiveCfg = Debug|Any CPU
		{713BA354-82CB-45C2-9EDD-ABC1DB6A8442}.Debug|x86.Build.0 = Debug|Any CPU
		{713BA354-82CB-45C2-9EDD-ABC1DB6A8442}.Release|Any CPU.ActiveCfg = Release|Any CPU
		{713BA354-82CB-45C2-9EDD-ABC1DB6A8442}.Release|Any CPU.Build.0 = Release|Any CPU
		{713BA354-82CB-45C2-9EDD-ABC1DB6A8442}.Release|x64.ActiveCfg = Release|Any CPU
		{713BA354-82CB-45C2-9EDD-ABC1DB6A8442}.Release|x64.Build.0 = Release|Any CPU
		{713BA354-82CB-45C2-9EDD-ABC1DB6A8442}.Release|x86.ActiveCfg = Release|Any CPU
		{713BA354-82CB-45C2-9EDD-ABC1DB6A8442}.Release|x86.Build.0 = Release|Any CPU
		{56B171E9-6E52-4860-AA0B-27759A0FED63}.Debug|Any CPU.ActiveCfg = Debug|Any CPU
		{56B171E9-6E52-4860-AA0B-27759A0FED63}.Debug|Any CPU.Build.0 = Debug|Any CPU
		{56B171E9-6E52-4860-AA0B-27759A0FED63}.Debug|x64.ActiveCfg = Debug|Any CPU
		{56B171E9-6E52-4860-AA0B-27759A0FED63}.Debug|x64.Build.0 = Debug|Any CPU
		{56B171E9-6E52-4860-AA0B-27759A0FED63}.Debug|x86.ActiveCfg = Debug|Any CPU
		{56B171E9-6E52-4860-AA0B-27759A0FED63}.Debug|x86.Build.0 = Debug|Any CPU
		{56B171E9-6E52-4860-AA0B-27759A0FED63}.Release|Any CPU.ActiveCfg = Release|Any CPU
		{56B171E9-6E52-4860-AA0B-27759A0FED63}.Release|Any CPU.Build.0 = Release|Any CPU
		{56B171E9-6E52-4860-AA0B-27759A0FED63}.Release|x64.ActiveCfg = Release|Any CPU
		{56B171E9-6E52-4860-AA0B-27759A0FED63}.Release|x64.Build.0 = Release|Any CPU
		{56B171E9-6E52-4860-AA0B-27759A0FED63}.Release|x86.ActiveCfg = Release|Any CPU
		{56B171E9-6E52-4860-AA0B-27759A0FED63}.Release|x86.Build.0 = Release|Any CPU
		{12D605CD-E22C-4A2A-B81F-B220C585F167}.Debug|Any CPU.ActiveCfg = Debug|Any CPU
		{12D605CD-E22C-4A2A-B81F-B220C585F167}.Debug|Any CPU.Build.0 = Debug|Any CPU
		{12D605CD-E22C-4A2A-B81F-B220C585F167}.Debug|x64.ActiveCfg = Debug|Any CPU
		{12D605CD-E22C-4A2A-B81F-B220C585F167}.Debug|x64.Build.0 = Debug|Any CPU
		{12D605CD-E22C-4A2A-B81F-B220C585F167}.Debug|x86.ActiveCfg = Debug|Any CPU
		{12D605CD-E22C-4A2A-B81F-B220C585F167}.Debug|x86.Build.0 = Debug|Any CPU
		{12D605CD-E22C-4A2A-B81F-B220C585F167}.Release|Any CPU.ActiveCfg = Release|Any CPU
		{12D605CD-E22C-4A2A-B81F-B220C585F167}.Release|Any CPU.Build.0 = Release|Any CPU
		{12D605CD-E22C-4A2A-B81F-B220C585F167}.Release|x64.ActiveCfg = Release|Any CPU
		{12D605CD-E22C-4A2A-B81F-B220C585F167}.Release|x64.Build.0 = Release|Any CPU
		{12D605CD-E22C-4A2A-B81F-B220C585F167}.Release|x86.ActiveCfg = Release|Any CPU
		{12D605CD-E22C-4A2A-B81F-B220C585F167}.Release|x86.Build.0 = Release|Any CPU
		{CC50AC36-A5FE-4359-BEBF-02DBC78FEEA5}.Debug|Any CPU.ActiveCfg = Debug|Any CPU
		{CC50AC36-A5FE-4359-BEBF-02DBC78FEEA5}.Debug|Any CPU.Build.0 = Debug|Any CPU
		{CC50AC36-A5FE-4359-BEBF-02DBC78FEEA5}.Debug|x64.ActiveCfg = Debug|Any CPU
		{CC50AC36-A5FE-4359-BEBF-02DBC78FEEA5}.Debug|x64.Build.0 = Debug|Any CPU
		{CC50AC36-A5FE-4359-BEBF-02DBC78FEEA5}.Debug|x86.ActiveCfg = Debug|Any CPU
		{CC50AC36-A5FE-4359-BEBF-02DBC78FEEA5}.Debug|x86.Build.0 = Debug|Any CPU
		{CC50AC36-A5FE-4359-BEBF-02DBC78FEEA5}.Release|Any CPU.ActiveCfg = Release|Any CPU
		{CC50AC36-A5FE-4359-BEBF-02DBC78FEEA5}.Release|Any CPU.Build.0 = Release|Any CPU
		{CC50AC36-A5FE-4359-BEBF-02DBC78FEEA5}.Release|x64.ActiveCfg = Release|Any CPU
		{CC50AC36-A5FE-4359-BEBF-02DBC78FEEA5}.Release|x64.Build.0 = Release|Any CPU
		{CC50AC36-A5FE-4359-BEBF-02DBC78FEEA5}.Release|x86.ActiveCfg = Release|Any CPU
		{CC50AC36-A5FE-4359-BEBF-02DBC78FEEA5}.Release|x86.Build.0 = Release|Any CPU
		{65088980-F615-4E2A-AE72-F6BAD4135575}.Debug|Any CPU.ActiveCfg = Debug|Any CPU
		{65088980-F615-4E2A-AE72-F6BAD4135575}.Debug|x64.ActiveCfg = Debug|Any CPU
		{65088980-F615-4E2A-AE72-F6BAD4135575}.Debug|x86.ActiveCfg = Debug|Any CPU
		{65088980-F615-4E2A-AE72-F6BAD4135575}.Release|Any CPU.ActiveCfg = Release|Any CPU
		{65088980-F615-4E2A-AE72-F6BAD4135575}.Release|x64.ActiveCfg = Release|Any CPU
		{65088980-F615-4E2A-AE72-F6BAD4135575}.Release|x86.ActiveCfg = Release|Any CPU
		{31BC54A2-FB46-4C69-B338-FFAF52D586AC}.Debug|Any CPU.ActiveCfg = Debug|Any CPU
		{31BC54A2-FB46-4C69-B338-FFAF52D586AC}.Debug|Any CPU.Build.0 = Debug|Any CPU
		{31BC54A2-FB46-4C69-B338-FFAF52D586AC}.Debug|x64.ActiveCfg = Debug|Any CPU
		{31BC54A2-FB46-4C69-B338-FFAF52D586AC}.Debug|x64.Build.0 = Debug|Any CPU
		{31BC54A2-FB46-4C69-B338-FFAF52D586AC}.Debug|x86.ActiveCfg = Debug|Any CPU
		{31BC54A2-FB46-4C69-B338-FFAF52D586AC}.Debug|x86.Build.0 = Debug|Any CPU
		{31BC54A2-FB46-4C69-B338-FFAF52D586AC}.Release|Any CPU.ActiveCfg = Release|Any CPU
		{31BC54A2-FB46-4C69-B338-FFAF52D586AC}.Release|Any CPU.Build.0 = Release|Any CPU
		{31BC54A2-FB46-4C69-B338-FFAF52D586AC}.Release|x64.ActiveCfg = Release|Any CPU
		{31BC54A2-FB46-4C69-B338-FFAF52D586AC}.Release|x64.Build.0 = Release|Any CPU
		{31BC54A2-FB46-4C69-B338-FFAF52D586AC}.Release|x86.ActiveCfg = Release|Any CPU
		{31BC54A2-FB46-4C69-B338-FFAF52D586AC}.Release|x86.Build.0 = Release|Any CPU
		{56E8FA0C-7266-4AE7-88EC-28F924B3E586}.Debug|Any CPU.ActiveCfg = Debug|Any CPU
		{56E8FA0C-7266-4AE7-88EC-28F924B3E586}.Debug|Any CPU.Build.0 = Debug|Any CPU
		{56E8FA0C-7266-4AE7-88EC-28F924B3E586}.Debug|x64.ActiveCfg = Debug|Any CPU
		{56E8FA0C-7266-4AE7-88EC-28F924B3E586}.Debug|x64.Build.0 = Debug|Any CPU
		{56E8FA0C-7266-4AE7-88EC-28F924B3E586}.Debug|x86.ActiveCfg = Debug|Any CPU
		{56E8FA0C-7266-4AE7-88EC-28F924B3E586}.Debug|x86.Build.0 = Debug|Any CPU
		{56E8FA0C-7266-4AE7-88EC-28F924B3E586}.Release|Any CPU.ActiveCfg = Release|Any CPU
		{56E8FA0C-7266-4AE7-88EC-28F924B3E586}.Release|Any CPU.Build.0 = Release|Any CPU
		{56E8FA0C-7266-4AE7-88EC-28F924B3E586}.Release|x64.ActiveCfg = Release|Any CPU
		{56E8FA0C-7266-4AE7-88EC-28F924B3E586}.Release|x64.Build.0 = Release|Any CPU
		{56E8FA0C-7266-4AE7-88EC-28F924B3E586}.Release|x86.ActiveCfg = Release|Any CPU
		{56E8FA0C-7266-4AE7-88EC-28F924B3E586}.Release|x86.Build.0 = Release|Any CPU
		{8CD1C8F8-D634-4A61-B9EF-3052677F25C7}.Debug|Any CPU.ActiveCfg = Debug|Any CPU
		{8CD1C8F8-D634-4A61-B9EF-3052677F25C7}.Debug|Any CPU.Build.0 = Debug|Any CPU
		{8CD1C8F8-D634-4A61-B9EF-3052677F25C7}.Debug|x64.ActiveCfg = Debug|Any CPU
		{8CD1C8F8-D634-4A61-B9EF-3052677F25C7}.Debug|x64.Build.0 = Debug|Any CPU
		{8CD1C8F8-D634-4A61-B9EF-3052677F25C7}.Debug|x86.ActiveCfg = Debug|Any CPU
		{8CD1C8F8-D634-4A61-B9EF-3052677F25C7}.Debug|x86.Build.0 = Debug|Any CPU
		{8CD1C8F8-D634-4A61-B9EF-3052677F25C7}.Release|Any CPU.ActiveCfg = Release|Any CPU
		{8CD1C8F8-D634-4A61-B9EF-3052677F25C7}.Release|Any CPU.Build.0 = Release|Any CPU
		{8CD1C8F8-D634-4A61-B9EF-3052677F25C7}.Release|x64.ActiveCfg = Release|Any CPU
		{8CD1C8F8-D634-4A61-B9EF-3052677F25C7}.Release|x64.Build.0 = Release|Any CPU
		{8CD1C8F8-D634-4A61-B9EF-3052677F25C7}.Release|x86.ActiveCfg = Release|Any CPU
		{8CD1C8F8-D634-4A61-B9EF-3052677F25C7}.Release|x86.Build.0 = Release|Any CPU
		{4FE73882-FEDC-4353-B4D1-D0D678F22F1A}.Debug|Any CPU.ActiveCfg = Debug|Any CPU
		{4FE73882-FEDC-4353-B4D1-D0D678F22F1A}.Debug|Any CPU.Build.0 = Debug|Any CPU
		{4FE73882-FEDC-4353-B4D1-D0D678F22F1A}.Debug|x64.ActiveCfg = Debug|Any CPU
		{4FE73882-FEDC-4353-B4D1-D0D678F22F1A}.Debug|x64.Build.0 = Debug|Any CPU
		{4FE73882-FEDC-4353-B4D1-D0D678F22F1A}.Debug|x86.ActiveCfg = Debug|Any CPU
		{4FE73882-FEDC-4353-B4D1-D0D678F22F1A}.Debug|x86.Build.0 = Debug|Any CPU
		{4FE73882-FEDC-4353-B4D1-D0D678F22F1A}.Release|Any CPU.ActiveCfg = Release|Any CPU
		{4FE73882-FEDC-4353-B4D1-D0D678F22F1A}.Release|Any CPU.Build.0 = Release|Any CPU
		{4FE73882-FEDC-4353-B4D1-D0D678F22F1A}.Release|x64.ActiveCfg = Release|Any CPU
		{4FE73882-FEDC-4353-B4D1-D0D678F22F1A}.Release|x64.Build.0 = Release|Any CPU
		{4FE73882-FEDC-4353-B4D1-D0D678F22F1A}.Release|x86.ActiveCfg = Release|Any CPU
		{4FE73882-FEDC-4353-B4D1-D0D678F22F1A}.Release|x86.Build.0 = Release|Any CPU
		{B252B0C6-9996-46D8-807F-D4611AA843F3}.Debug|Any CPU.ActiveCfg = Debug|Any CPU
		{B252B0C6-9996-46D8-807F-D4611AA843F3}.Debug|Any CPU.Build.0 = Debug|Any CPU
		{B252B0C6-9996-46D8-807F-D4611AA843F3}.Debug|x64.ActiveCfg = Debug|Any CPU
		{B252B0C6-9996-46D8-807F-D4611AA843F3}.Debug|x64.Build.0 = Debug|Any CPU
		{B252B0C6-9996-46D8-807F-D4611AA843F3}.Debug|x86.ActiveCfg = Debug|Any CPU
		{B252B0C6-9996-46D8-807F-D4611AA843F3}.Debug|x86.Build.0 = Debug|Any CPU
		{B252B0C6-9996-46D8-807F-D4611AA843F3}.Release|Any CPU.ActiveCfg = Release|Any CPU
		{B252B0C6-9996-46D8-807F-D4611AA843F3}.Release|Any CPU.Build.0 = Release|Any CPU
		{B252B0C6-9996-46D8-807F-D4611AA843F3}.Release|x64.ActiveCfg = Release|Any CPU
		{B252B0C6-9996-46D8-807F-D4611AA843F3}.Release|x64.Build.0 = Release|Any CPU
		{B252B0C6-9996-46D8-807F-D4611AA843F3}.Release|x86.ActiveCfg = Release|Any CPU
		{B252B0C6-9996-46D8-807F-D4611AA843F3}.Release|x86.Build.0 = Release|Any CPU
		{C41311CF-CF5D-42E1-91C3-9A5CFD579218}.Debug|Any CPU.ActiveCfg = Debug|Any CPU
		{C41311CF-CF5D-42E1-91C3-9A5CFD579218}.Debug|Any CPU.Build.0 = Debug|Any CPU
		{C41311CF-CF5D-42E1-91C3-9A5CFD579218}.Debug|x64.ActiveCfg = Debug|Any CPU
		{C41311CF-CF5D-42E1-91C3-9A5CFD579218}.Debug|x64.Build.0 = Debug|Any CPU
		{C41311CF-CF5D-42E1-91C3-9A5CFD579218}.Debug|x86.ActiveCfg = Debug|Any CPU
		{C41311CF-CF5D-42E1-91C3-9A5CFD579218}.Debug|x86.Build.0 = Debug|Any CPU
		{C41311CF-CF5D-42E1-91C3-9A5CFD579218}.Release|Any CPU.ActiveCfg = Release|Any CPU
		{C41311CF-CF5D-42E1-91C3-9A5CFD579218}.Release|Any CPU.Build.0 = Release|Any CPU
		{C41311CF-CF5D-42E1-91C3-9A5CFD579218}.Release|x64.ActiveCfg = Release|Any CPU
		{C41311CF-CF5D-42E1-91C3-9A5CFD579218}.Release|x64.Build.0 = Release|Any CPU
		{C41311CF-CF5D-42E1-91C3-9A5CFD579218}.Release|x86.ActiveCfg = Release|Any CPU
		{C41311CF-CF5D-42E1-91C3-9A5CFD579218}.Release|x86.Build.0 = Release|Any CPU
	EndGlobalSection
	GlobalSection(SolutionProperties) = preSolution
		HideSolutionNode = FALSE
	EndGlobalSection
	GlobalSection(NestedProjects) = preSolution
		{47A0E6D3-E5A2-417F-A4E8-DDC6FCEBF69A} = {428FC9C0-66ED-4150-9CC8-F0E5E9AF307E}
		{713BA354-82CB-45C2-9EDD-ABC1DB6A8442} = {428FC9C0-66ED-4150-9CC8-F0E5E9AF307E}
		{56B171E9-6E52-4860-AA0B-27759A0FED63} = {428FC9C0-66ED-4150-9CC8-F0E5E9AF307E}
		{12D605CD-E22C-4A2A-B81F-B220C585F167} = {428FC9C0-66ED-4150-9CC8-F0E5E9AF307E}
	EndGlobalSection
	GlobalSection(ExtensibilityGlobals) = postSolution
		SolutionGuid = {13D72C42-4817-4CAC-BA8D-152A2DC8AC42}
	EndGlobalSection
EndGlobal
