
Microsoft Visual Studio Solution File, Format Version 12.00
# Visual Studio Version 17
VisualStudioVersion = 17.4.33213.308
MinimumVisualStudioVersion = 10.0.40219.1
Project("{9A19103F-16F7-4668-BE54-9A1E7A4F7556}") = "common", "common\common.csproj", "{E1CB986E-DE0D-43BF-A1C7-D72238A425F6}"
EndProject
Project("{9A19103F-16F7-4668-BE54-9A1E7A4F7556}") = "devhostAgent", "devhostagent\devhostAgent.csproj", "{DBD45BA0-A89C-4C48-99F0-ADA9256EB041}"
EndProject
Project("{9A19103F-16F7-4668-BE54-9A1E7A4F7556}") = "devhostagent.tests", "devhostagent.tests\devhostagent.tests.csproj", "{D90EA498-0D1D-4471-BD04-934E36AFE055}"
EndProject
Project("{9A19103F-16F7-4668-BE54-9A1E7A4F7556}") = "devhostAgent.restorationjob", "devhostagent.restorationjob\devhostAgent.restorationjob.csproj", "{FAD78D00-5C48-4BCB-B3A5-4CD68CAD1D4C}"
EndProject
Project("{9A19103F-16F7-4668-BE54-9A1E7A4F7556}") = "routingmanager", "routingmanager\routingmanager.csproj", "{BA9C10CE-B18B-4148-8AD2-6734E8AA6D9B}"
EndProject
Project("{2150E333-8FDC-42A3-9474-1A3956D46DE8}") = "Tests", "Tests", "{F6320FA9-D823-4C98-A268-A98C2519C421}"
EndProject
Project("{9A19103F-16F7-4668-BE54-9A1E7A4F7556}") = "common.tests", "common.tests\common.tests.csproj", "{9C673175-04B5-443D-ADB4-3CFCC3957D9B}"
EndProject
Global
	GlobalSection(SolutionConfigurationPlatforms) = preSolution
		Debug|Any CPU = Debug|Any CPU
		Release|Any CPU = Release|Any CPU
	EndGlobalSection
	GlobalSection(ProjectConfigurationPlatforms) = postSolution
		{E1CB986E-DE0D-43BF-A1C7-D72238A425F6}.Debug|Any CPU.ActiveCfg = Debug|Any CPU
		{E1CB986E-DE0D-43BF-A1C7-D72238A425F6}.Debug|Any CPU.Build.0 = Debug|Any CPU
		{E1CB986E-DE0D-43BF-A1C7-D72238A425F6}.Release|Any CPU.ActiveCfg = Release|Any CPU
		{E1CB986E-DE0D-43BF-A1C7-D72238A425F6}.Release|Any CPU.Build.0 = Release|Any CPU
		{DBD45BA0-A89C-4C48-99F0-ADA9256EB041}.Debug|Any CPU.ActiveCfg = Debug|Any CPU
		{DBD45BA0-A89C-4C48-99F0-ADA9256EB041}.Debug|Any CPU.Build.0 = Debug|Any CPU
		{DBD45BA0-A89C-4C48-99F0-ADA9256EB041}.Release|Any CPU.ActiveCfg = Release|Any CPU
		{DBD45BA0-A89C-4C48-99F0-ADA9256EB041}.Release|Any CPU.Build.0 = Release|Any CPU
		{D90EA498-0D1D-4471-BD04-934E36AFE055}.Debug|Any CPU.ActiveCfg = Debug|Any CPU
		{D90EA498-0D1D-4471-BD04-934E36AFE055}.Debug|Any CPU.Build.0 = Debug|Any CPU
		{D90EA498-0D1D-4471-BD04-934E36AFE055}.Release|Any CPU.ActiveCfg = Release|Any CPU
		{D90EA498-0D1D-4471-BD04-934E36AFE055}.Release|Any CPU.Build.0 = Release|Any CPU
		{FAD78D00-5C48-4BCB-B3A5-4CD68CAD1D4C}.Debug|Any CPU.ActiveCfg = Debug|Any CPU
		{FAD78D00-5C48-4BCB-B3A5-4CD68CAD1D4C}.Debug|Any CPU.Build.0 = Debug|Any CPU
		{FAD78D00-5C48-4BCB-B3A5-4CD68CAD1D4C}.Release|Any CPU.ActiveCfg = Release|Any CPU
		{FAD78D00-5C48-4BCB-B3A5-4CD68CAD1D4C}.Release|Any CPU.Build.0 = Release|Any CPU
		{BA9C10CE-B18B-4148-8AD2-6734E8AA6D9B}.Debug|Any CPU.ActiveCfg = Debug|Any CPU
		{BA9C10CE-B18B-4148-8AD2-6734E8AA6D9B}.Debug|Any CPU.Build.0 = Debug|Any CPU
		{BA9C10CE-B18B-4148-8AD2-6734E8AA6D9B}.Release|Any CPU.ActiveCfg = Release|Any CPU
		{BA9C10CE-B18B-4148-8AD2-6734E8AA6D9B}.Release|Any CPU.Build.0 = Release|Any CPU
		{9C673175-04B5-443D-ADB4-3CFCC3957D9B}.Debug|Any CPU.ActiveCfg = Debug|Any CPU
		{9C673175-04B5-443D-ADB4-3CFCC3957D9B}.Debug|Any CPU.Build.0 = Debug|Any CPU
		{9C673175-04B5-443D-ADB4-3CFCC3957D9B}.Release|Any CPU.ActiveCfg = Release|Any CPU
		{9C673175-04B5-443D-ADB4-3CFCC3957D9B}.Release|Any CPU.Build.0 = Release|Any CPU
	EndGlobalSection
	GlobalSection(SolutionProperties) = preSolution
		HideSolutionNode = FALSE
	EndGlobalSection
	GlobalSection(NestedProjects) = preSolution
		{D90EA498-0D1D-4471-BD04-934E36AFE055} = {F6320FA9-D823-4C98-A268-A98C2519C421}
		{9C673175-04B5-443D-ADB4-3CFCC3957D9B} = {F6320FA9-D823-4C98-A268-A98C2519C421}
	EndGlobalSection
	GlobalSection(ExtensibilityGlobals) = postSolution
		SolutionGuid = {E5D2E5A3-F08F-46CB-997A-3BC4CC10CEAC}
	EndGlobalSection
EndGlobal
